<?xml version="1.0" encoding="utf-8"?>
<Project ToolsVersion="4.0" xmlns="http://schemas.microsoft.com/developer/msbuild/2003">
  <ItemGroup>
    <Filter Include="Source Files">
      <UniqueIdentifier>{4FC737F1-C7A5-4376-A066-2A32D752A2FF}</UniqueIdentifier>
      <Extensions>cpp;c;cc;cxx;c++;cppm;ixx;def;odl;idl;hpj;bat;asm;asmx</Extensions>
    </Filter>
    <Filter Include="Header Files">
      <UniqueIdentifier>{93995380-89BD-4b04-88EB-625FBE52EBFB}</UniqueIdentifier>
      <Extensions>h;hh;hpp;hxx;h++;hm;inl;inc;ipp;xsd</Extensions>
    </Filter>
    <Filter Include="Resource Files">
      <UniqueIdentifier>{67DA6AB6-F800-4c08-8B7A-83BB121AAD01}</UniqueIdentifier>
      <Extensions>rc;ico;cur;bmp;dlg;rc2;rct;bin;rgs;gif;jpg;jpeg;jpe;resx;tiff;tif;png;wav;mfcribbon-ms</Extensions>
    </Filter>
  </ItemGroup>
  <ItemGroup>
    <ClInclude Include="framework.h">
      <Filter>Header Files</Filter>
    </ClInclude>
    <ClInclude Include="targetver.h">
      <Filter>Header Files</Filter>
    </ClInclude>
    <ClInclude Include="Resource.h">
      <Filter>Header Files</Filter>
    </ClInclude>
    <ClInclude Include="ThreeFingerDrag.h">
      <Filter>Header Files</Filter>
    </ClInclude>
    <ClInclude Include="logger.h">
      <Filter>Header Files</Filter>
    </ClInclude>
    <ClInclude Include="touch_gestures.h">
      <Filter>Header Files</Filter>
    </ClInclude>
    <ClInclude Include="popups.h">
      <Filter>Header Files</Filter>
    </ClInclude>
    <ClInclude Include="wintoastlib.h">
      <Filter>Header Files</Filter>
    </ClInclude>
    <ClInclude Include="ini.h">
      <Filter>Header Files</Filter>
    </ClInclude>
    <ClInclude Include="application.h">
      <Filter>Header Files</Filter>
    </ClInclude>
    <ClInclude Include="config\globalconfig.h">
      <Filter>Header Files</Filter>
    </ClInclude>
    <ClInclude Include="event\events.h">
      <Filter>Header Files</Filter>
    </ClInclude>
    <ClInclude Include="event\touch_events.h">
      <Filter>Header Files</Filter>
    </ClInclude>
    <ClInclude Include="touch_data.h">
      <Filter>Header Files</Filter>
    </ClInclude>
    <ClInclude Include="touch_listeners.h">
      <Filter>Header Files</Filter>
    </ClInclude>
    <ClInclude Include="mouse\cursor.h">
      <Filter>Header Files</Filter>
    </ClInclude>
  </ItemGroup>
  <ItemGroup>
    <ClCompile Include="ThreeFingerDrag.cpp">
      <Filter>Source Files</Filter>
    </ClCompile>
    <ClCompile Include="logger.cpp">
      <Filter>Source Files</Filter>
    </ClCompile>
    <ClCompile Include="touch_gestures.cpp">
      <Filter>Source Files</Filter>
    </ClCompile>
    <ClCompile Include="popups.cpp">
      <Filter>Source Files</Filter>
    </ClCompile>
    <ClCompile Include="wintoastlib.cpp">
      <Filter>Source Files</Filter>
    </ClCompile>
    <ClCompile Include="config\globalconfig.cpp">
      <Filter>Source Files</Filter>
    </ClCompile>
    <ClCompile Include="mouse\cursor.cpp">
      <Filter>Source Files</Filter>
    </ClCompile>
  </ItemGroup>
  <ItemGroup>
    <ResourceCompile Include="ThreeFingerDrag.rc">
      <Filter>Resource Files</Filter>
    </ResourceCompile>
  </ItemGroup>
  <ItemGroup>
    <Image Include="small.ico">
      <Filter>Resource Files</Filter>
    </Image>
    <Image Include="ThreeFingerDrag.ico">
      <Filter>Resource Files</Filter>
    </Image>
  </ItemGroup>
</Project>